
Microsoft Visual Studio Solution File, Format Version 12.00
# Visual Studio Version 17
VisualStudioVersion = 17.5.002.0
MinimumVisualStudioVersion = 10.0.40219.1
Project("{9A19103F-16F7-4668-BE54-9A1E7A4F7556}") = "Advent Of Code 2", "Advent Of Code 2.csproj", "{B16090E2-FC13-408A-A468-48EC92C06E4F}"
EndProject
Global
	GlobalSection(SolutionConfigurationPlatforms) = preSolution
		Debug|Any CPU = Debug|Any CPU
		Release|Any CPU = Release|Any CPU
	EndGlobalSection
	GlobalSection(ProjectConfigurationPlatforms) = postSolution
		{B16090E2-FC13-408A-A468-48EC92C06E4F}.Debug|Any CPU.ActiveCfg = Debug|Any CPU
		{B16090E2-FC13-408A-A468-48EC92C06E4F}.Debug|Any CPU.Build.0 = Debug|Any CPU
		{B16090E2-FC13-408A-A468-48EC92C06E4F}.Release|Any CPU.ActiveCfg = Release|Any CPU
		{B16090E2-FC13-408A-A468-48EC92C06E4F}.Release|Any CPU.Build.0 = Release|Any CPU
	EndGlobalSection
	GlobalSection(SolutionProperties) = preSolution
		HideSolutionNode = FALSE
	EndGlobalSection
	GlobalSection(ExtensibilityGlobals) = postSolution
		SolutionGuid = {6D8EB2F1-65BA-4966-8E15-CEFB7B0BFBB3}
	EndGlobalSection
EndGlobal
